<?xml version="1.0" encoding="UTF-8"?>
<!DOCTYPE plist PUBLIC "-//Apple//DTD PLIST 1.0//EN" "http://www.apple.com/DTDs/PropertyList-1.0.dtd">
<plist version="1.0">
<dict>
	<key>archiveVersion</key>
	<string>1</string>
	<key>classes</key>
	<dict/>
	<key>objectVersion</key>
	<string>46</string>
	<key>objects</key>
	<dict>
		<key>183CC6521A68FC8800B8F97D</key>
		<dict>
			<key>children</key>
			<array>
				<string>1893009A1A6903540081D0AA</string>
				<string>189300721A6902E30081D0AA</string>
				<string>1893007A1A6902E30081D0AA</string>
				<string>1893007B1A6902E30081D0AA</string>
				<string>1893007F1A6902E30081D0AA</string>
				<string>189300851A6902E30081D0AA</string>
				<string>1893008A1A6902E30081D0AA</string>
				<string>189300931A6902E30081D0AA</string>
				<string>189300941A6902E30081D0AA</string>
				<string>189300951A6902E30081D0AA</string>
				<string>189300971A6902E30081D0AA</string>
				<string>183CC6661A68FC8800B8F97D</string>
				<string>183CC6831A68FC8800B8F97D</string>
				<string>183CC65D1A68FC8800B8F97D</string>
				<string>183CC65C1A68FC8800B8F97D</string>
				<string>F4AD990E4AF8F9F85ED4C216</string>
			</array>
			<key>isa</key>
			<string>PBXGroup</string>
			<key>sourceTree</key>
			<string>&lt;group&gt;</string>
		</dict>
		<key>183CC6531A68FC8800B8F97D</key>
		<dict>
			<key>attributes</key>
			<dict>
				<key>CLASSPREFIX</key>
				<string>QSY</string>
				<key>LastUpgradeCheck</key>
				<string>0510</string>
				<key>ORGANIZATIONNAME</key>
				<string>&#24191;&#24030;&#19971;&#21319;&#32593;&#32476;&#31185;&#25216;&#26377;&#38480;&#20844;&#21496;</string>
				<key>TargetAttributes</key>
				<dict>
					<key>183CC65A1A68FC8800B8F97D</key>
					<dict>
						<key>DevelopmentTeam</key>
						<string>EVE58S56QZ</string>
					</dict>
					<key>183CC67A1A68FC8800B8F97D</key>
					<dict>
						<key>TestTargetID</key>
						<string>183CC65A1A68FC8800B8F97D</string>
					</dict>
				</dict>
			</dict>
			<key>buildConfigurationList</key>
			<string>183CC6561A68FC8800B8F97D</string>
			<key>compatibilityVersion</key>
			<string>Xcode 3.2</string>
			<key>developmentRegion</key>
			<string>English</string>
			<key>hasScannedForEncodings</key>
			<string>0</string>
			<key>isa</key>
			<string>PBXProject</string>
			<key>knownRegions</key>
			<array>
				<string>en</string>
			</array>
			<key>mainGroup</key>
			<string>183CC6521A68FC8800B8F97D</string>
			<key>productRefGroup</key>
			<string>183CC65C1A68FC8800B8F97D</string>
			<key>projectDirPath</key>
			<string></string>
			<key>projectReferences</key>
			<array/>
			<key>projectRoot</key>
			<string></string>
			<key>targets</key>
			<array>
				<string>183CC65A1A68FC8800B8F97D</string>
				<string>183CC67A1A68FC8800B8F97D</string>
			</array>
		</dict>
		<key>183CC6561A68FC8800B8F97D</key>
		<dict>
			<key>buildConfigurations</key>
			<array>
				<string>183CC68B1A68FC8800B8F97D</string>
				<string>183CC68C1A68FC8800B8F97D</string>
			</array>
			<key>defaultConfigurationIsVisible</key>
			<string>0</string>
			<key>defaultConfigurationName</key>
			<string>Release</string>
			<key>isa</key>
			<string>XCConfigurationList</string>
		</dict>
		<key>183CC6571A68FC8800B8F97D</key>
		<dict>
			<key>buildActionMask</key>
			<string>2147483647</string>
			<key>files</key>
			<array>
				<string>183CC6711A68FC8800B8F97D</string>
				<string>183CC6741A68FC8800B8F97D</string>
				<string>183CC66D1A68FC8800B8F97D</string>
			</array>
			<key>isa</key>
			<string>PBXSourcesBuildPhase</string>
			<key>runOnlyForDeploymentPostprocessing</key>
			<string>0</string>
		</dict>
		<key>183CC6581A68FC8800B8F97D</key>
		<dict>
			<key>buildActionMask</key>
			<string>2147483647</string>
			<key>files</key>
			<array>
				<string>183CC6611A68FC8800B8F97D</string>
				<string>183CC6651A68FC8800B8F97D</string>
				<string>183CC6631A68FC8800B8F97D</string>
				<string>183CC65F1A68FC8800B8F97D</string>
				<string>2E6FE37EDFAB0AE51AF4857D</string>
			</array>
			<key>isa</key>
			<string>PBXFrameworksBuildPhase</string>
			<key>runOnlyForDeploymentPostprocessing</key>
			<string>0</string>
		</dict>
		<key>183CC6591A68FC8800B8F97D</key>
		<dict>
			<key>buildActionMask</key>
			<string>2147483647</string>
			<key>files</key>
			<array>
				<string>1893009B1A6903540081D0AA</string>
				<string>183CC66B1A68FC8800B8F97D</string>
				<string>183CC6761A68FC8800B8F97D</string>
			</array>
			<key>isa</key>
			<string>PBXResourcesBuildPhase</string>
			<key>runOnlyForDeploymentPostprocessing</key>
			<string>0</string>
		</dict>
		<key>183CC65A1A68FC8800B8F97D</key>
		<dict>
			<key>buildConfigurationList</key>
			<string>183CC68D1A68FC8800B8F97D</string>
			<key>buildPhases</key>
			<array>
				<string>EED0350DA755DBB14EF8AC4F</string>
				<string>183CC6571A68FC8800B8F97D</string>
				<string>183CC6581A68FC8800B8F97D</string>
				<string>183CC6591A68FC8800B8F97D</string>
				<string>61D4140AF18F35DC764DBCF7</string>
			</array>
			<key>buildRules</key>
			<array/>
			<key>dependencies</key>
			<array/>
			<key>isa</key>
			<string>PBXNativeTarget</string>
			<key>name</key>
			<string>House</string>
			<key>productName</key>
			<string>House</string>
			<key>productReference</key>
			<string>183CC65B1A68FC8800B8F97D</string>
			<key>productType</key>
			<string>com.apple.product-type.application</string>
		</dict>
		<key>183CC65B1A68FC8800B8F97D</key>
		<dict>
			<key>explicitFileType</key>
			<string>wrapper.application</string>
			<key>includeInIndex</key>
			<string>0</string>
			<key>isa</key>
			<string>PBXFileReference</string>
			<key>path</key>
			<string>House.app</string>
			<key>sourceTree</key>
			<string>BUILT_PRODUCTS_DIR</string>
		</dict>
		<key>183CC65C1A68FC8800B8F97D</key>
		<dict>
			<key>children</key>
			<array>
				<string>183CC65B1A68FC8800B8F97D</string>
				<string>183CC67B1A68FC8800B8F97D</string>
			</array>
			<key>isa</key>
			<string>PBXGroup</string>
			<key>name</key>
			<string>Products</string>
			<key>sourceTree</key>
			<string>&lt;group&gt;</string>
		</dict>
		<key>183CC65D1A68FC8800B8F97D</key>
		<dict>
			<key>children</key>
			<array>
				<string>183CC65E1A68FC8800B8F97D</string>
				<string>183CC6601A68FC8800B8F97D</string>
				<string>183CC6621A68FC8800B8F97D</string>
				<string>183CC6641A68FC8800B8F97D</string>
				<string>183CC67C1A68FC8800B8F97D</string>
				<string>8DC7EE35972F87DBF30D83E4</string>
			</array>
			<key>isa</key>
			<string>PBXGroup</string>
			<key>name</key>
			<string>Frameworks</string>
			<key>sourceTree</key>
			<string>&lt;group&gt;</string>
		</dict>
		<key>183CC65E1A68FC8800B8F97D</key>
		<dict>
			<key>isa</key>
			<string>PBXFileReference</string>
			<key>lastKnownFileType</key>
			<string>wrapper.framework</string>
			<key>name</key>
			<string>Foundation.framework</string>
			<key>path</key>
			<string>System/Library/Frameworks/Foundation.framework</string>
			<key>sourceTree</key>
			<string>SDKROOT</string>
		</dict>
		<key>183CC65F1A68FC8800B8F97D</key>
		<dict>
			<key>fileRef</key>
			<string>183CC65E1A68FC8800B8F97D</string>
			<key>isa</key>
			<string>PBXBuildFile</string>
		</dict>
		<key>183CC6601A68FC8800B8F97D</key>
		<dict>
			<key>isa</key>
			<string>PBXFileReference</string>
			<key>lastKnownFileType</key>
			<string>wrapper.framework</string>
			<key>name</key>
			<string>CoreGraphics.framework</string>
			<key>path</key>
			<string>System/Library/Frameworks/CoreGraphics.framework</string>
			<key>sourceTree</key>
			<string>SDKROOT</string>
		</dict>
		<key>183CC6611A68FC8800B8F97D</key>
		<dict>
			<key>fileRef</key>
			<string>183CC6601A68FC8800B8F97D</string>
			<key>isa</key>
			<string>PBXBuildFile</string>
		</dict>
		<key>183CC6621A68FC8800B8F97D</key>
		<dict>
			<key>isa</key>
			<string>PBXFileReference</string>
			<key>lastKnownFileType</key>
			<string>wrapper.framework</string>
			<key>name</key>
			<string>UIKit.framework</string>
			<key>path</key>
			<string>System/Library/Frameworks/UIKit.framework</string>
			<key>sourceTree</key>
			<string>SDKROOT</string>
		</dict>
		<key>183CC6631A68FC8800B8F97D</key>
		<dict>
			<key>fileRef</key>
			<string>183CC6621A68FC8800B8F97D</string>
			<key>isa</key>
			<string>PBXBuildFile</string>
		</dict>
		<key>183CC6641A68FC8800B8F97D</key>
		<dict>
			<key>isa</key>
			<string>PBXFileReference</string>
			<key>lastKnownFileType</key>
			<string>wrapper.framework</string>
			<key>name</key>
			<string>CoreData.framework</string>
			<key>path</key>
			<string>System/Library/Frameworks/CoreData.framework</string>
			<key>sourceTree</key>
			<string>SDKROOT</string>
		</dict>
		<key>183CC6651A68FC8800B8F97D</key>
		<dict>
			<key>fileRef</key>
			<string>183CC6641A68FC8800B8F97D</string>
			<key>isa</key>
			<string>PBXBuildFile</string>
		</dict>
		<key>183CC6661A68FC8800B8F97D</key>
		<dict>
			<key>children</key>
			<array>
				<string>183CC66F1A68FC8800B8F97D</string>
				<string>183CC6701A68FC8800B8F97D</string>
				<string>183CC6751A68FC8800B8F97D</string>
				<string>183CC6721A68FC8800B8F97D</string>
				<string>183CC6671A68FC8800B8F97D</string>
			</array>
			<key>isa</key>
			<string>PBXGroup</string>
			<key>path</key>
			<string>House</string>
			<key>sourceTree</key>
			<string>&lt;group&gt;</string>
		</dict>
		<key>183CC6671A68FC8800B8F97D</key>
		<dict>
			<key>children</key>
			<array>
				<string>183CC6681A68FC8800B8F97D</string>
				<string>183CC6691A68FC8800B8F97D</string>
				<string>183CC66C1A68FC8800B8F97D</string>
				<string>183CC66E1A68FC8800B8F97D</string>
			</array>
			<key>isa</key>
			<string>PBXGroup</string>
			<key>name</key>
			<string>Supporting Files</string>
			<key>sourceTree</key>
			<string>&lt;group&gt;</string>
		</dict>
		<key>183CC6681A68FC8800B8F97D</key>
		<dict>
			<key>isa</key>
			<string>PBXFileReference</string>
			<key>lastKnownFileType</key>
			<string>text.plist.xml</string>
			<key>path</key>
			<string>House-Info.plist</string>
			<key>sourceTree</key>
			<string>&lt;group&gt;</string>
		</dict>
		<key>183CC6691A68FC8800B8F97D</key>
		<dict>
			<key>children</key>
			<array>
				<string>183CC66A1A68FC8800B8F97D</string>
			</array>
			<key>isa</key>
			<string>PBXVariantGroup</string>
			<key>name</key>
			<string>InfoPlist.strings</string>
			<key>sourceTree</key>
			<string>&lt;group&gt;</string>
		</dict>
		<key>183CC66A1A68FC8800B8F97D</key>
		<dict>
			<key>isa</key>
			<string>PBXFileReference</string>
			<key>lastKnownFileType</key>
			<string>text.plist.strings</string>
			<key>name</key>
			<string>en</string>
			<key>path</key>
			<string>en.lproj/InfoPlist.strings</string>
			<key>sourceTree</key>
			<string>&lt;group&gt;</string>
		</dict>
		<key>183CC66B1A68FC8800B8F97D</key>
		<dict>
			<key>fileRef</key>
			<string>183CC6691A68FC8800B8F97D</string>
			<key>isa</key>
			<string>PBXBuildFile</string>
		</dict>
		<key>183CC66C1A68FC8800B8F97D</key>
		<dict>
			<key>isa</key>
			<string>PBXFileReference</string>
			<key>lastKnownFileType</key>
			<string>sourcecode.c.objc</string>
			<key>path</key>
			<string>main.m</string>
			<key>sourceTree</key>
			<string>&lt;group&gt;</string>
		</dict>
		<key>183CC66D1A68FC8800B8F97D</key>
		<dict>
			<key>fileRef</key>
			<string>183CC66C1A68FC8800B8F97D</string>
			<key>isa</key>
			<string>PBXBuildFile</string>
		</dict>
		<key>183CC66E1A68FC8800B8F97D</key>
		<dict>
			<key>isa</key>
			<string>PBXFileReference</string>
			<key>lastKnownFileType</key>
			<string>sourcecode.c.h</string>
			<key>path</key>
			<string>House-Prefix.pch</string>
			<key>sourceTree</key>
			<string>&lt;group&gt;</string>
		</dict>
		<key>183CC66F1A68FC8800B8F97D</key>
		<dict>
			<key>isa</key>
			<string>PBXFileReference</string>
			<key>lastKnownFileType</key>
			<string>sourcecode.c.h</string>
			<key>path</key>
			<string>QSYAppDelegate.h</string>
			<key>sourceTree</key>
			<string>&lt;group&gt;</string>
		</dict>
		<key>183CC6701A68FC8800B8F97D</key>
		<dict>
			<key>isa</key>
			<string>PBXFileReference</string>
			<key>lastKnownFileType</key>
			<string>sourcecode.c.objc</string>
			<key>path</key>
			<string>QSYAppDelegate.m</string>
			<key>sourceTree</key>
			<string>&lt;group&gt;</string>
		</dict>
		<key>183CC6711A68FC8800B8F97D</key>
		<dict>
			<key>fileRef</key>
			<string>183CC6701A68FC8800B8F97D</string>
			<key>isa</key>
			<string>PBXBuildFile</string>
		</dict>
		<key>183CC6721A68FC8800B8F97D</key>
		<dict>
			<key>children</key>
			<array>
				<string>183CC6731A68FC8800B8F97D</string>
			</array>
			<key>currentVersion</key>
			<string>183CC6731A68FC8800B8F97D</string>
			<key>isa</key>
			<string>XCVersionGroup</string>
			<key>path</key>
			<string>House.xcdatamodeld</string>
			<key>sourceTree</key>
			<string>&lt;group&gt;</string>
			<key>versionGroupType</key>
			<string>wrapper.xcdatamodel</string>
		</dict>
		<key>183CC6731A68FC8800B8F97D</key>
		<dict>
			<key>isa</key>
			<string>PBXFileReference</string>
			<key>lastKnownFileType</key>
			<string>wrapper.xcdatamodel</string>
			<key>path</key>
			<string>House.xcdatamodel</string>
			<key>sourceTree</key>
			<string>&lt;group&gt;</string>
		</dict>
		<key>183CC6741A68FC8800B8F97D</key>
		<dict>
			<key>fileRef</key>
			<string>183CC6721A68FC8800B8F97D</string>
			<key>isa</key>
			<string>PBXBuildFile</string>
		</dict>
		<key>183CC6751A68FC8800B8F97D</key>
		<dict>
			<key>isa</key>
			<string>PBXFileReference</string>
			<key>lastKnownFileType</key>
			<string>folder.assetcatalog</string>
			<key>path</key>
			<string>Images.xcassets</string>
			<key>sourceTree</key>
			<string>&lt;group&gt;</string>
		</dict>
		<key>183CC6761A68FC8800B8F97D</key>
		<dict>
			<key>fileRef</key>
			<string>183CC6751A68FC8800B8F97D</string>
			<key>isa</key>
			<string>PBXBuildFile</string>
		</dict>
		<key>183CC6771A68FC8800B8F97D</key>
		<dict>
			<key>buildActionMask</key>
			<string>2147483647</string>
			<key>files</key>
			<array>
				<string>183CC68A1A68FC8800B8F97D</string>
			</array>
			<key>isa</key>
			<string>PBXSourcesBuildPhase</string>
			<key>runOnlyForDeploymentPostprocessing</key>
			<string>0</string>
		</dict>
		<key>183CC6781A68FC8800B8F97D</key>
		<dict>
			<key>buildActionMask</key>
			<string>2147483647</string>
			<key>files</key>
			<array>
				<string>183CC67D1A68FC8800B8F97D</string>
				<string>183CC6801A68FC8800B8F97D</string>
				<string>183CC67F1A68FC8800B8F97D</string>
				<string>183CC67E1A68FC8800B8F97D</string>
			</array>
			<key>isa</key>
			<string>PBXFrameworksBuildPhase</string>
			<key>runOnlyForDeploymentPostprocessing</key>
			<string>0</string>
		</dict>
		<key>183CC6791A68FC8800B8F97D</key>
		<dict>
			<key>buildActionMask</key>
			<string>2147483647</string>
			<key>files</key>
			<array>
				<string>183CC6881A68FC8800B8F97D</string>
			</array>
			<key>isa</key>
			<string>PBXResourcesBuildPhase</string>
			<key>runOnlyForDeploymentPostprocessing</key>
			<string>0</string>
		</dict>
		<key>183CC67A1A68FC8800B8F97D</key>
		<dict>
			<key>buildConfigurationList</key>
			<string>183CC6901A68FC8800B8F97D</string>
			<key>buildPhases</key>
			<array>
				<string>183CC6771A68FC8800B8F97D</string>
				<string>183CC6781A68FC8800B8F97D</string>
				<string>183CC6791A68FC8800B8F97D</string>
			</array>
			<key>buildRules</key>
			<array/>
			<key>dependencies</key>
			<array>
				<string>183CC6821A68FC8800B8F97D</string>
			</array>
			<key>isa</key>
			<string>PBXNativeTarget</string>
			<key>name</key>
			<string>HouseTests</string>
			<key>productName</key>
			<string>HouseTests</string>
			<key>productReference</key>
			<string>183CC67B1A68FC8800B8F97D</string>
			<key>productType</key>
			<string>com.apple.product-type.bundle.unit-test</string>
		</dict>
		<key>183CC67B1A68FC8800B8F97D</key>
		<dict>
			<key>explicitFileType</key>
			<string>wrapper.cfbundle</string>
			<key>includeInIndex</key>
			<string>0</string>
			<key>isa</key>
			<string>PBXFileReference</string>
			<key>path</key>
			<string>HouseTests.xctest</string>
			<key>sourceTree</key>
			<string>BUILT_PRODUCTS_DIR</string>
		</dict>
		<key>183CC67C1A68FC8800B8F97D</key>
		<dict>
			<key>isa</key>
			<string>PBXFileReference</string>
			<key>lastKnownFileType</key>
			<string>wrapper.framework</string>
			<key>name</key>
			<string>XCTest.framework</string>
			<key>path</key>
			<string>Library/Frameworks/XCTest.framework</string>
			<key>sourceTree</key>
			<string>DEVELOPER_DIR</string>
		</dict>
		<key>183CC67D1A68FC8800B8F97D</key>
		<dict>
			<key>fileRef</key>
			<string>183CC67C1A68FC8800B8F97D</string>
			<key>isa</key>
			<string>PBXBuildFile</string>
		</dict>
		<key>183CC67E1A68FC8800B8F97D</key>
		<dict>
			<key>fileRef</key>
			<string>183CC65E1A68FC8800B8F97D</string>
			<key>isa</key>
			<string>PBXBuildFile</string>
		</dict>
		<key>183CC67F1A68FC8800B8F97D</key>
		<dict>
			<key>fileRef</key>
			<string>183CC6621A68FC8800B8F97D</string>
			<key>isa</key>
			<string>PBXBuildFile</string>
		</dict>
		<key>183CC6801A68FC8800B8F97D</key>
		<dict>
			<key>fileRef</key>
			<string>183CC6641A68FC8800B8F97D</string>
			<key>isa</key>
			<string>PBXBuildFile</string>
		</dict>
		<key>183CC6811A68FC8800B8F97D</key>
		<dict>
			<key>containerPortal</key>
			<string>183CC6531A68FC8800B8F97D</string>
			<key>isa</key>
			<string>PBXContainerItemProxy</string>
			<key>proxyType</key>
			<string>1</string>
			<key>remoteGlobalIDString</key>
			<string>183CC65A1A68FC8800B8F97D</string>
			<key>remoteInfo</key>
			<string>House</string>
		</dict>
		<key>183CC6821A68FC8800B8F97D</key>
		<dict>
			<key>isa</key>
			<string>PBXTargetDependency</string>
			<key>target</key>
			<string>183CC65A1A68FC8800B8F97D</string>
			<key>targetProxy</key>
			<string>183CC6811A68FC8800B8F97D</string>
		</dict>
		<key>183CC6831A68FC8800B8F97D</key>
		<dict>
			<key>children</key>
			<array>
				<string>183CC6891A68FC8800B8F97D</string>
				<string>183CC6841A68FC8800B8F97D</string>
			</array>
			<key>isa</key>
			<string>PBXGroup</string>
			<key>path</key>
			<string>HouseTests</string>
			<key>sourceTree</key>
			<string>&lt;group&gt;</string>
		</dict>
		<key>183CC6841A68FC8800B8F97D</key>
		<dict>
			<key>children</key>
			<array>
				<string>183CC6851A68FC8800B8F97D</string>
				<string>183CC6861A68FC8800B8F97D</string>
			</array>
			<key>isa</key>
			<string>PBXGroup</string>
			<key>name</key>
			<string>Supporting Files</string>
			<key>sourceTree</key>
			<string>&lt;group&gt;</string>
		</dict>
		<key>183CC6851A68FC8800B8F97D</key>
		<dict>
			<key>isa</key>
			<string>PBXFileReference</string>
			<key>lastKnownFileType</key>
			<string>text.plist.xml</string>
			<key>path</key>
			<string>HouseTests-Info.plist</string>
			<key>sourceTree</key>
			<string>&lt;group&gt;</string>
		</dict>
		<key>183CC6861A68FC8800B8F97D</key>
		<dict>
			<key>children</key>
			<array>
				<string>183CC6871A68FC8800B8F97D</string>
			</array>
			<key>isa</key>
			<string>PBXVariantGroup</string>
			<key>name</key>
			<string>InfoPlist.strings</string>
			<key>sourceTree</key>
			<string>&lt;group&gt;</string>
		</dict>
		<key>183CC6871A68FC8800B8F97D</key>
		<dict>
			<key>isa</key>
			<string>PBXFileReference</string>
			<key>lastKnownFileType</key>
			<string>text.plist.strings</string>
			<key>name</key>
			<string>en</string>
			<key>path</key>
			<string>en.lproj/InfoPlist.strings</string>
			<key>sourceTree</key>
			<string>&lt;group&gt;</string>
		</dict>
		<key>183CC6881A68FC8800B8F97D</key>
		<dict>
			<key>fileRef</key>
			<string>183CC6861A68FC8800B8F97D</string>
			<key>isa</key>
			<string>PBXBuildFile</string>
		</dict>
		<key>183CC6891A68FC8800B8F97D</key>
		<dict>
			<key>isa</key>
			<string>PBXFileReference</string>
			<key>lastKnownFileType</key>
			<string>sourcecode.c.objc</string>
			<key>path</key>
			<string>HouseTests.m</string>
			<key>sourceTree</key>
			<string>&lt;group&gt;</string>
		</dict>
		<key>183CC68A1A68FC8800B8F97D</key>
		<dict>
			<key>fileRef</key>
			<string>183CC6891A68FC8800B8F97D</string>
			<key>isa</key>
			<string>PBXBuildFile</string>
		</dict>
		<key>183CC68B1A68FC8800B8F97D</key>
		<dict>
			<key>buildSettings</key>
			<dict>
				<key>ALWAYS_SEARCH_USER_PATHS</key>
				<string>NO</string>
				<key>CLANG_CXX_LANGUAGE_STANDARD</key>
				<string>gnu++0x</string>
				<key>CLANG_CXX_LIBRARY</key>
				<string>libc++</string>
				<key>CLANG_ENABLE_MODULES</key>
				<string>YES</string>
				<key>CLANG_ENABLE_OBJC_ARC</key>
				<string>YES</string>
				<key>CLANG_WARN_BOOL_CONVERSION</key>
				<string>YES</string>
				<key>CLANG_WARN_CONSTANT_CONVERSION</key>
				<string>YES</string>
				<key>CLANG_WARN_DIRECT_OBJC_ISA_USAGE</key>
				<string>YES_ERROR</string>
				<key>CLANG_WARN_EMPTY_BODY</key>
				<string>YES</string>
				<key>CLANG_WARN_ENUM_CONVERSION</key>
				<string>YES</string>
				<key>CLANG_WARN_INT_CONVERSION</key>
				<string>YES</string>
				<key>CLANG_WARN_OBJC_ROOT_CLASS</key>
				<string>YES_ERROR</string>
				<key>CLANG_WARN__DUPLICATE_METHOD_MATCH</key>
				<string>YES</string>
				<key>CODE_SIGN_IDENTITY[sdk=iphoneos*]</key>
				<string>iPhone Developer</string>
				<key>COPY_PHASE_STRIP</key>
				<string>NO</string>
				<key>GCC_C_LANGUAGE_STANDARD</key>
				<string>gnu99</string>
				<key>GCC_DYNAMIC_NO_PIC</key>
				<string>NO</string>
				<key>GCC_OPTIMIZATION_LEVEL</key>
				<string>0</string>
				<key>GCC_PREPROCESSOR_DEFINITIONS</key>
				<array>
					<string>DEBUG=1</string>
					<string>$(inherited)</string>
				</array>
				<key>GCC_SYMBOLS_PRIVATE_EXTERN</key>
				<string>NO</string>
				<key>GCC_WARN_64_TO_32_BIT_CONVERSION</key>
				<string>YES</string>
				<key>GCC_WARN_ABOUT_RETURN_TYPE</key>
				<string>YES_ERROR</string>
				<key>GCC_WARN_UNDECLARED_SELECTOR</key>
				<string>YES</string>
				<key>GCC_WARN_UNINITIALIZED_AUTOS</key>
				<string>YES_AGGRESSIVE</string>
				<key>GCC_WARN_UNUSED_FUNCTION</key>
				<string>YES</string>
				<key>GCC_WARN_UNUSED_VARIABLE</key>
				<string>YES</string>
				<key>IPHONEOS_DEPLOYMENT_TARGET</key>
				<string>8.1</string>
				<key>ONLY_ACTIVE_ARCH</key>
				<string>YES</string>
				<key>SDKROOT</key>
				<string>iphoneos</string>
			</dict>
			<key>isa</key>
			<string>XCBuildConfiguration</string>
			<key>name</key>
			<string>Debug</string>
		</dict>
		<key>183CC68C1A68FC8800B8F97D</key>
		<dict>
			<key>buildSettings</key>
			<dict>
				<key>ALWAYS_SEARCH_USER_PATHS</key>
				<string>NO</string>
				<key>CLANG_CXX_LANGUAGE_STANDARD</key>
				<string>gnu++0x</string>
				<key>CLANG_CXX_LIBRARY</key>
				<string>libc++</string>
				<key>CLANG_ENABLE_MODULES</key>
				<string>YES</string>
				<key>CLANG_ENABLE_OBJC_ARC</key>
				<string>YES</string>
				<key>CLANG_WARN_BOOL_CONVERSION</key>
				<string>YES</string>
				<key>CLANG_WARN_CONSTANT_CONVERSION</key>
				<string>YES</string>
				<key>CLANG_WARN_DIRECT_OBJC_ISA_USAGE</key>
				<string>YES_ERROR</string>
				<key>CLANG_WARN_EMPTY_BODY</key>
				<string>YES</string>
				<key>CLANG_WARN_ENUM_CONVERSION</key>
				<string>YES</string>
				<key>CLANG_WARN_INT_CONVERSION</key>
				<string>YES</string>
				<key>CLANG_WARN_OBJC_ROOT_CLASS</key>
				<string>YES_ERROR</string>
				<key>CLANG_WARN__DUPLICATE_METHOD_MATCH</key>
				<string>YES</string>
				<key>CODE_SIGN_IDENTITY[sdk=iphoneos*]</key>
				<string>iPhone Developer</string>
				<key>COPY_PHASE_STRIP</key>
				<string>YES</string>
				<key>ENABLE_NS_ASSERTIONS</key>
				<string>NO</string>
				<key>GCC_C_LANGUAGE_STANDARD</key>
				<string>gnu99</string>
				<key>GCC_WARN_64_TO_32_BIT_CONVERSION</key>
				<string>YES</string>
				<key>GCC_WARN_ABOUT_RETURN_TYPE</key>
				<string>YES_ERROR</string>
				<key>GCC_WARN_UNDECLARED_SELECTOR</key>
				<string>YES</string>
				<key>GCC_WARN_UNINITIALIZED_AUTOS</key>
				<string>YES_AGGRESSIVE</string>
				<key>GCC_WARN_UNUSED_FUNCTION</key>
				<string>YES</string>
				<key>GCC_WARN_UNUSED_VARIABLE</key>
				<string>YES</string>
				<key>IPHONEOS_DEPLOYMENT_TARGET</key>
				<string>8.1</string>
				<key>SDKROOT</key>
				<string>iphoneos</string>
				<key>VALIDATE_PRODUCT</key>
				<string>YES</string>
			</dict>
			<key>isa</key>
			<string>XCBuildConfiguration</string>
			<key>name</key>
			<string>Release</string>
		</dict>
		<key>183CC68D1A68FC8800B8F97D</key>
		<dict>
			<key>buildConfigurations</key>
			<array>
				<string>183CC68E1A68FC8800B8F97D</string>
				<string>183CC68F1A68FC8800B8F97D</string>
			</array>
			<key>defaultConfigurationIsVisible</key>
			<string>0</string>
			<key>defaultConfigurationName</key>
			<string>Release</string>
			<key>isa</key>
			<string>XCConfigurationList</string>
		</dict>
		<key>183CC68E1A68FC8800B8F97D</key>
		<dict>
			<key>baseConfigurationReference</key>
			<string>F4CBFD97D9288D186B71D455</string>
			<key>buildSettings</key>
			<dict>
				<key>ASSETCATALOG_COMPILER_APPICON_NAME</key>
				<string>AppIcon</string>
				<key>ASSETCATALOG_COMPILER_LAUNCHIMAGE_NAME</key>
				<string>LaunchImage</string>
				<key>CODE_SIGN_IDENTITY</key>
				<string>iPhone Developer</string>
				<key>GCC_PRECOMPILE_PREFIX_HEADER</key>
				<string>YES</string>
				<key>GCC_PREFIX_HEADER</key>
				<string>House/House-Prefix.pch</string>
				<key>INFOPLIST_FILE</key>
				<string>House/House-Info.plist</string>
				<key>IPHONEOS_DEPLOYMENT_TARGET</key>
				<string>8.1</string>
				<key>PRODUCT_NAME</key>
				<string>$(TARGET_NAME)</string>
				<key>WRAPPER_EXTENSION</key>
				<string>app</string>
			</dict>
			<key>isa</key>
			<string>XCBuildConfiguration</string>
			<key>name</key>
			<string>Debug</string>
		</dict>
		<key>183CC68F1A68FC8800B8F97D</key>
		<dict>
			<key>baseConfigurationReference</key>
			<string>98AAD2983A901C3518338D05</string>
			<key>buildSettings</key>
			<dict>
				<key>ASSETCATALOG_COMPILER_APPICON_NAME</key>
				<string>AppIcon</string>
				<key>ASSETCATALOG_COMPILER_LAUNCHIMAGE_NAME</key>
				<string>LaunchImage</string>
				<key>CODE_SIGN_IDENTITY</key>
				<string>iPhone Developer</string>
				<key>GCC_PRECOMPILE_PREFIX_HEADER</key>
				<string>YES</string>
				<key>GCC_PREFIX_HEADER</key>
				<string>House/House-Prefix.pch</string>
				<key>INFOPLIST_FILE</key>
				<string>House/House-Info.plist</string>
				<key>IPHONEOS_DEPLOYMENT_TARGET</key>
				<string>8.1</string>
				<key>PRODUCT_NAME</key>
				<string>$(TARGET_NAME)</string>
				<key>WRAPPER_EXTENSION</key>
				<string>app</string>
			</dict>
			<key>isa</key>
			<string>XCBuildConfiguration</string>
			<key>name</key>
			<string>Release</string>
		</dict>
		<key>183CC6901A68FC8800B8F97D</key>
		<dict>
			<key>buildConfigurations</key>
			<array>
				<string>183CC6911A68FC8800B8F97D</string>
				<string>183CC6921A68FC8800B8F97D</string>
			</array>
			<key>defaultConfigurationIsVisible</key>
			<string>0</string>
			<key>defaultConfigurationName</key>
			<string>Release</string>
			<key>isa</key>
			<string>XCConfigurationList</string>
		</dict>
		<key>183CC6911A68FC8800B8F97D</key>
		<dict>
			<key>buildSettings</key>
			<dict>
				<key>BUNDLE_LOADER</key>
				<string>$(BUILT_PRODUCTS_DIR)/House.app/House</string>
				<key>FRAMEWORK_SEARCH_PATHS</key>
				<array>
					<string>$(SDKROOT)/Developer/Library/Frameworks</string>
					<string>$(inherited)</string>
					<string>$(DEVELOPER_FRAMEWORKS_DIR)</string>
				</array>
				<key>GCC_PRECOMPILE_PREFIX_HEADER</key>
				<string>YES</string>
				<key>GCC_PREFIX_HEADER</key>
				<string>House/House-Prefix.pch</string>
				<key>GCC_PREPROCESSOR_DEFINITIONS</key>
				<array>
					<string>DEBUG=1</string>
					<string>$(inherited)</string>
				</array>
				<key>INFOPLIST_FILE</key>
				<string>HouseTests/HouseTests-Info.plist</string>
				<key>PRODUCT_NAME</key>
				<string>$(TARGET_NAME)</string>
				<key>TEST_HOST</key>
				<string>$(BUNDLE_LOADER)</string>
				<key>WRAPPER_EXTENSION</key>
				<string>xctest</string>
			</dict>
			<key>isa</key>
			<string>XCBuildConfiguration</string>
			<key>name</key>
			<string>Debug</string>
		</dict>
		<key>183CC6921A68FC8800B8F97D</key>
		<dict>
			<key>buildSettings</key>
			<dict>
				<key>BUNDLE_LOADER</key>
				<string>$(BUILT_PRODUCTS_DIR)/House.app/House</string>
				<key>FRAMEWORK_SEARCH_PATHS</key>
				<array>
					<string>$(SDKROOT)/Developer/Library/Frameworks</string>
					<string>$(inherited)</string>
					<string>$(DEVELOPER_FRAMEWORKS_DIR)</string>
				</array>
				<key>GCC_PRECOMPILE_PREFIX_HEADER</key>
				<string>YES</string>
				<key>GCC_PREFIX_HEADER</key>
				<string>House/House-Prefix.pch</string>
				<key>INFOPLIST_FILE</key>
				<string>HouseTests/HouseTests-Info.plist</string>
				<key>PRODUCT_NAME</key>
				<string>$(TARGET_NAME)</string>
				<key>TEST_HOST</key>
				<string>$(BUNDLE_LOADER)</string>
				<key>WRAPPER_EXTENSION</key>
				<string>xctest</string>
			</dict>
			<key>isa</key>
			<string>XCBuildConfiguration</string>
			<key>name</key>
			<string>Release</string>
		</dict>
		<key>189300721A6902E30081D0AA</key>
		<dict>
			<key>children</key>
			<array>
				<string>189300731A6902E30081D0AA</string>
				<string>189300741A6902E30081D0AA</string>
				<string>189300751A6902E30081D0AA</string>
				<string>189300761A6902E30081D0AA</string>
				<string>189300771A6902E30081D0AA</string>
				<string>189300781A6902E30081D0AA</string>
				<string>189300791A6902E30081D0AA</string>
			</array>
			<key>isa</key>
			<string>PBXGroup</string>
			<key>name</key>
			<string>Category</string>
			<key>path</key>
			<string>House/Category</string>
			<key>sourceTree</key>
			<string>&lt;group&gt;</string>
		</dict>
		<key>189300731A6902E30081D0AA</key>
		<dict>
			<key>children</key>
			<array/>
			<key>isa</key>
			<string>PBXGroup</string>
			<key>path</key>
			<string>NSDate</string>
			<key>sourceTree</key>
			<string>&lt;group&gt;</string>
		</dict>
		<key>189300741A6902E30081D0AA</key>
		<dict>
			<key>children</key>
			<array/>
			<key>isa</key>
			<string>PBXGroup</string>
			<key>path</key>
			<string>NSString</string>
			<key>sourceTree</key>
			<string>&lt;group&gt;</string>
		</dict>
		<key>189300751A6902E30081D0AA</key>
		<dict>
			<key>children</key>
			<array/>
			<key>isa</key>
			<string>PBXGroup</string>
			<key>path</key>
			<string>UIButton</string>
			<key>sourceTree</key>
			<string>&lt;group&gt;</string>
		</dict>
		<key>189300761A6902E30081D0AA</key>
		<dict>
			<key>children</key>
			<array/>
			<key>isa</key>
			<string>PBXGroup</string>
			<key>path</key>
			<string>UIImageView</string>
			<key>sourceTree</key>
			<string>&lt;group&gt;</string>
		</dict>
		<key>189300771A6902E30081D0AA</key>
		<dict>
			<key>children</key>
			<array/>
			<key>isa</key>
			<string>PBXGroup</string>
			<key>path</key>
			<string>UITextField</string>
			<key>sourceTree</key>
			<string>&lt;group&gt;</string>
		</dict>
		<key>189300781A6902E30081D0AA</key>
		<dict>
			<key>children</key>
			<array/>
			<key>isa</key>
			<string>PBXGroup</string>
			<key>path</key>
			<string>UITextView</string>
			<key>sourceTree</key>
			<string>&lt;group&gt;</string>
		</dict>
		<key>189300791A6902E30081D0AA</key>
		<dict>
			<key>children</key>
			<array/>
			<key>isa</key>
			<string>PBXGroup</string>
			<key>path</key>
			<string>UIView</string>
			<key>sourceTree</key>
			<string>&lt;group&gt;</string>
		</dict>
		<key>1893007A1A6902E30081D0AA</key>
		<dict>
			<key>children</key>
			<array>
				<string>189300AB1A690C880081D0AA</string>
				<string>189300AC1A690C880081D0AA</string>
				<string>189300AD1A690C880081D0AA</string>
				<string>189300AE1A690C880081D0AA</string>
			</array>
			<key>isa</key>
			<string>PBXGroup</string>
			<key>name</key>
			<string>Controller</string>
			<key>path</key>
			<string>House/Controller</string>
			<key>sourceTree</key>
			<string>&lt;group&gt;</string>
		</dict>
		<key>1893007B1A6902E30081D0AA</key>
		<dict>
			<key>children</key>
			<array>
				<string>1893007C1A6902E30081D0AA</string>
				<string>1893007D1A6902E30081D0AA</string>
				<string>1893007E1A6902E30081D0AA</string>
			</array>
			<key>isa</key>
			<string>PBXGroup</string>
			<key>name</key>
			<string>Core</string>
			<key>path</key>
			<string>House/Core</string>
			<key>sourceTree</key>
			<string>&lt;group&gt;</string>
		</dict>
		<key>1893007C1A6902E30081D0AA</key>
		<dict>
			<key>children</key>
			<array/>
			<key>isa</key>
			<string>PBXGroup</string>
			<key>path</key>
			<string>NavigationBar</string>
			<key>sourceTree</key>
			<string>&lt;group&gt;</string>
		</dict>
		<key>1893007D1A6902E30081D0AA</key>
		<dict>
			<key>children</key>
			<array/>
			<key>isa</key>
			<string>PBXGroup</string>
			<key>path</key>
			<string>SearchBar</string>
			<key>sourceTree</key>
			<string>&lt;group&gt;</string>
		</dict>
		<key>1893007E1A6902E30081D0AA</key>
		<dict>
			<key>children</key>
			<array/>
			<key>isa</key>
			<string>PBXGroup</string>
			<key>path</key>
			<string>Tabbar</string>
			<key>sourceTree</key>
			<string>&lt;group&gt;</string>
		</dict>
		<key>1893007F1A6902E30081D0AA</key>
		<dict>
			<key>children</key>
			<array>
				<string>189300801A6902E30081D0AA</string>
				<string>189300811A6902E30081D0AA</string>
				<string>189300821A6902E30081D0AA</string>
				<string>189300831A6902E30081D0AA</string>
				<string>189300841A6902E30081D0AA</string>
			</array>
			<key>isa</key>
			<string>PBXGroup</string>
			<key>name</key>
			<string>Handler</string>
			<key>path</key>
			<string>House/Handler</string>
			<key>sourceTree</key>
			<string>&lt;group&gt;</string>
		</dict>
		<key>189300801A6902E30081D0AA</key>
		<dict>
			<key>children</key>
			<array/>
			<key>isa</key>
			<string>PBXGroup</string>
			<key>path</key>
			<string>Chat</string>
			<key>sourceTree</key>
			<string>&lt;group&gt;</string>
		</dict>
		<key>189300811A6902E30081D0AA</key>
		<dict>
			<key>children</key>
			<array/>
			<key>isa</key>
			<string>PBXGroup</string>
			<key>path</key>
			<string>CoreData</string>
			<key>sourceTree</key>
			<string>&lt;group&gt;</string>
		</dict>
		<key>189300821A6902E30081D0AA</key>
		<dict>
			<key>children</key>
			<array/>
			<key>isa</key>
			<string>PBXGroup</string>
			<key>path</key>
			<string>Map</string>
			<key>sourceTree</key>
			<string>&lt;group&gt;</string>
		</dict>
		<key>189300831A6902E30081D0AA</key>
		<dict>
			<key>children</key>
			<array/>
			<key>isa</key>
			<string>PBXGroup</string>
			<key>path</key>
			<string>Request</string>
			<key>sourceTree</key>
			<string>&lt;group&gt;</string>
		</dict>
		<key>189300841A6902E30081D0AA</key>
		<dict>
			<key>children</key>
			<array/>
			<key>isa</key>
			<string>PBXGroup</string>
			<key>path</key>
			<string>User</string>
			<key>sourceTree</key>
			<string>&lt;group&gt;</string>
		</dict>
		<key>189300851A6902E30081D0AA</key>
		<dict>
			<key>children</key>
			<array>
				<string>189300861A6902E30081D0AA</string>
				<string>189300871A6902E30081D0AA</string>
				<string>189300881A6902E30081D0AA</string>
				<string>189300891A6902E30081D0AA</string>
			</array>
			<key>isa</key>
			<string>PBXGroup</string>
			<key>name</key>
			<string>Header</string>
			<key>path</key>
			<string>House/Header</string>
			<key>sourceTree</key>
			<string>&lt;group&gt;</string>
		</dict>
		<key>189300861A6902E30081D0AA</key>
		<dict>
			<key>children</key>
			<array/>
			<key>isa</key>
			<string>PBXGroup</string>
			<key>path</key>
			<string>Color</string>
			<key>sourceTree</key>
			<string>&lt;group&gt;</string>
		</dict>
		<key>189300871A6902E30081D0AA</key>
		<dict>
			<key>children</key>
			<array/>
			<key>isa</key>
			<string>PBXGroup</string>
			<key>path</key>
			<string>Size</string>
			<key>sourceTree</key>
			<string>&lt;group&gt;</string>
		</dict>
		<key>189300881A6902E30081D0AA</key>
		<dict>
			<key>children</key>
			<array/>
			<key>isa</key>
			<string>PBXGroup</string>
			<key>path</key>
			<string>Title</string>
			<key>sourceTree</key>
			<string>&lt;group&gt;</string>
		</dict>
		<key>189300891A6902E30081D0AA</key>
		<dict>
			<key>children</key>
			<array/>
			<key>isa</key>
			<string>PBXGroup</string>
			<key>path</key>
			<string>URL</string>
			<key>sourceTree</key>
			<string>&lt;group&gt;</string>
		</dict>
		<key>1893008A1A6902E30081D0AA</key>
		<dict>
			<key>children</key>
			<array>
				<string>1893008B1A6902E30081D0AA</string>
				<string>1893008C1A6902E30081D0AA</string>
				<string>1893008D1A6902E30081D0AA</string>
				<string>1893008E1A6902E30081D0AA</string>
				<string>1893008F1A6902E30081D0AA</string>
				<string>189300901A6902E30081D0AA</string>
				<string>189300911A6902E30081D0AA</string>
				<string>189300921A6902E30081D0AA</string>
			</array>
			<key>isa</key>
			<string>PBXGroup</string>
			<key>name</key>
			<string>Images</string>
			<key>path</key>
			<string>House/Images</string>
			<key>sourceTree</key>
			<string>&lt;group&gt;</string>
		</dict>
		<key>1893008B1A6902E30081D0AA</key>
		<dict>
			<key>children</key>
			<array/>
			<key>isa</key>
			<string>PBXGroup</string>
			<key>path</key>
			<string>Chat</string>
			<key>sourceTree</key>
			<string>&lt;group&gt;</string>
		</dict>
		<key>1893008C1A6902E30081D0AA</key>
		<dict>
			<key>children</key>
			<array/>
			<key>isa</key>
			<string>PBXGroup</string>
			<key>path</key>
			<string>Home</string>
			<key>sourceTree</key>
			<string>&lt;group&gt;</string>
		</dict>
		<key>1893008D1A6902E30081D0AA</key>
		<dict>
			<key>children</key>
			<array/>
			<key>isa</key>
			<string>PBXGroup</string>
			<key>path</key>
			<string>Houses</string>
			<key>sourceTree</key>
			<string>&lt;group&gt;</string>
		</dict>
		<key>1893008E1A6902E30081D0AA</key>
		<dict>
			<key>children</key>
			<array/>
			<key>isa</key>
			<string>PBXGroup</string>
			<key>path</key>
			<string>MyZone</string>
			<key>sourceTree</key>
			<string>&lt;group&gt;</string>
		</dict>
		<key>1893008F1A6902E30081D0AA</key>
		<dict>
			<key>children</key>
			<array/>
			<key>isa</key>
			<string>PBXGroup</string>
			<key>path</key>
			<string>NavigationBar</string>
			<key>sourceTree</key>
			<string>&lt;group&gt;</string>
		</dict>
		<key>189300901A6902E30081D0AA</key>
		<dict>
			<key>children</key>
			<array/>
			<key>isa</key>
			<string>PBXGroup</string>
			<key>path</key>
			<string>Public</string>
			<key>sourceTree</key>
			<string>&lt;group&gt;</string>
		</dict>
		<key>189300911A6902E30081D0AA</key>
		<dict>
			<key>children</key>
			<array/>
			<key>isa</key>
			<string>PBXGroup</string>
			<key>path</key>
			<string>Search</string>
			<key>sourceTree</key>
			<string>&lt;group&gt;</string>
		</dict>
		<key>189300921A6902E30081D0AA</key>
		<dict>
			<key>children</key>
			<array/>
			<key>isa</key>
			<string>PBXGroup</string>
			<key>path</key>
			<string>Tabbar</string>
			<key>sourceTree</key>
			<string>&lt;group&gt;</string>
		</dict>
		<key>189300931A6902E30081D0AA</key>
		<dict>
			<key>children</key>
			<array/>
			<key>isa</key>
			<string>PBXGroup</string>
			<key>name</key>
			<string>Lib</string>
			<key>path</key>
			<string>House/Lib</string>
			<key>sourceTree</key>
			<string>&lt;group&gt;</string>
		</dict>
		<key>189300941A6902E30081D0AA</key>
		<dict>
			<key>children</key>
			<array>
				<string>1893009C1A69049A0081D0AA</string>
			</array>
			<key>isa</key>
			<string>PBXGroup</string>
			<key>name</key>
			<string>Model</string>
			<key>path</key>
			<string>House/Model</string>
			<key>sourceTree</key>
			<string>&lt;group&gt;</string>
		</dict>
		<key>189300951A6902E30081D0AA</key>
		<dict>
			<key>children</key>
			<array>
				<string>189300961A6902E30081D0AA</string>
			</array>
			<key>isa</key>
			<string>PBXGroup</string>
			<key>name</key>
			<string>Plist</string>
			<key>path</key>
			<string>House/Plist</string>
			<key>sourceTree</key>
			<string>&lt;group&gt;</string>
		</dict>
		<key>189300961A6902E30081D0AA</key>
		<dict>
			<key>children</key>
			<array/>
			<key>isa</key>
			<string>PBXGroup</string>
			<key>path</key>
			<string>Home</string>
			<key>sourceTree</key>
			<string>&lt;group&gt;</string>
		</dict>
		<key>189300971A6902E30081D0AA</key>
		<dict>
			<key>children</key>
			<array>
				<string>189300981A6902E30081D0AA</string>
				<string>189300991A6902E30081D0AA</string>
			</array>
			<key>isa</key>
			<string>PBXGroup</string>
			<key>name</key>
			<string>View</string>
			<key>path</key>
			<string>House/View</string>
			<key>sourceTree</key>
			<string>&lt;group&gt;</string>
		</dict>
		<key>189300981A6902E30081D0AA</key>
		<dict>
			<key>children</key>
			<array/>
			<key>isa</key>
			<string>PBXGroup</string>
			<key>path</key>
			<string>Controller</string>
			<key>sourceTree</key>
			<string>&lt;group&gt;</string>
		</dict>
		<key>189300991A6902E30081D0AA</key>
		<dict>
			<key>children</key>
			<array/>
			<key>isa</key>
			<string>PBXGroup</string>
			<key>path</key>
			<string>View</string>
			<key>sourceTree</key>
			<string>&lt;group&gt;</string>
		</dict>
		<key>1893009A1A6903540081D0AA</key>
		<dict>
			<key>fileEncoding</key>
			<string>4</string>
			<key>isa</key>
			<string>PBXFileReference</string>
			<key>lastKnownFileType</key>
			<string>text.rtf</string>
			<key>path</key>
			<string>Readme.rtf</string>
			<key>sourceTree</key>
			<string>&lt;group&gt;</string>
		</dict>
		<key>1893009B1A6903540081D0AA</key>
		<dict>
			<key>fileRef</key>
			<string>1893009A1A6903540081D0AA</string>
			<key>isa</key>
			<string>PBXBuildFile</string>
		</dict>
		<key>1893009C1A69049A0081D0AA</key>
		<dict>
			<key>children</key>
			<array/>
			<key>isa</key>
			<string>PBXGroup</string>
			<key>name</key>
			<string>Chat</string>
			<key>sourceTree</key>
			<string>&lt;group&gt;</string>
		</dict>
		<key>189300AB1A690C880081D0AA</key>
		<dict>
			<key>children</key>
			<array/>
			<key>isa</key>
			<string>PBXGroup</string>
			<key>path</key>
			<string>Chat</string>
			<key>sourceTree</key>
			<string>&lt;group&gt;</string>
		</dict>
		<key>189300AC1A690C880081D0AA</key>
		<dict>
			<key>children</key>
			<array/>
			<key>isa</key>
			<string>PBXGroup</string>
			<key>path</key>
			<string>Home</string>
			<key>sourceTree</key>
			<string>&lt;group&gt;</string>
		</dict>
		<key>189300AD1A690C880081D0AA</key>
		<dict>
			<key>children</key>
			<array/>
			<key>isa</key>
			<string>PBXGroup</string>
			<key>path</key>
			<string>Houses</string>
			<key>sourceTree</key>
			<string>&lt;group&gt;</string>
		</dict>
		<key>189300AE1A690C880081D0AA</key>
		<dict>
			<key>children</key>
			<array/>
			<key>isa</key>
			<string>PBXGroup</string>
			<key>path</key>
			<string>MyZone</string>
			<key>sourceTree</key>
			<string>&lt;group&gt;</string>
		</dict>
		<key>2E6FE37EDFAB0AE51AF4857D</key>
		<dict>
			<key>fileRef</key>
			<string>8DC7EE35972F87DBF30D83E4</string>
			<key>isa</key>
			<string>PBXBuildFile</string>
		</dict>
		<key>61D4140AF18F35DC764DBCF7</key>
		<dict>
			<key>buildActionMask</key>
			<string>2147483647</string>
			<key>files</key>
			<array/>
			<key>inputPaths</key>
			<array/>
			<key>isa</key>
			<string>PBXShellScriptBuildPhase</string>
			<key>name</key>
			<string>Copy Pods Resources</string>
			<key>outputPaths</key>
			<array/>
			<key>runOnlyForDeploymentPostprocessing</key>
			<string>0</string>
			<key>shellPath</key>
			<string>/bin/sh</string>
			<key>shellScript</key>
			<string>"${SRCROOT}/Pods/Target Support Files/Pods/Pods-resources.sh"
</string>
			<key>showEnvVarsInLog</key>
			<string>0</string>
		</dict>
		<key>8DC7EE35972F87DBF30D83E4</key>
		<dict>
			<key>explicitFileType</key>
			<string>archive.ar</string>
			<key>includeInIndex</key>
			<string>0</string>
			<key>isa</key>
			<string>PBXFileReference</string>
			<key>path</key>
			<string>libPods.a</string>
			<key>sourceTree</key>
			<string>BUILT_PRODUCTS_DIR</string>
		</dict>
		<key>98AAD2983A901C3518338D05</key>
		<dict>
			<key>includeInIndex</key>
			<string>1</string>
			<key>isa</key>
			<string>PBXFileReference</string>
			<key>lastKnownFileType</key>
			<string>text.xcconfig</string>
			<key>name</key>
			<string>Pods.release.xcconfig</string>
			<key>path</key>
			<string>Pods/Target Support Files/Pods/Pods.release.xcconfig</string>
			<key>sourceTree</key>
			<string>&lt;group&gt;</string>
		</dict>
		<key>EED0350DA755DBB14EF8AC4F</key>
		<dict>
			<key>buildActionMask</key>
			<string>2147483647</string>
			<key>files</key>
			<array/>
			<key>inputPaths</key>
			<array/>
			<key>isa</key>
			<string>PBXShellScriptBuildPhase</string>
			<key>name</key>
			<string>Check Pods Manifest.lock</string>
			<key>outputPaths</key>
			<array/>
			<key>runOnlyForDeploymentPostprocessing</key>
			<string>0</string>
			<key>shellPath</key>
			<string>/bin/sh</string>
			<key>shellScript</key>
			<string>diff "${PODS_ROOT}/../Podfile.lock" "${PODS_ROOT}/Manifest.lock" &gt; /dev/null
if [[ $? != 0 ]] ; then
    cat &lt;&lt; EOM
error: The sandbox is not in sync with the Podfile.lock. Run 'pod install' or update your CocoaPods installation.
EOM
    exit 1
fi
</string>
			<key>showEnvVarsInLog</key>
			<string>0</string>
		</dict>
		<key>F4AD990E4AF8F9F85ED4C216</key>
		<dict>
			<key>children</key>
			<array>
				<string>F4CBFD97D9288D186B71D455</string>
				<string>98AAD2983A901C3518338D05</string>
			</array>
			<key>isa</key>
			<string>PBXGroup</string>
			<key>name</key>
			<string>Pods</string>
			<key>sourceTree</key>
			<string>&lt;group&gt;</string>
		</dict>
		<key>F4CBFD97D9288D186B71D455</key>
		<dict>
			<key>includeInIndex</key>
			<string>1</string>
			<key>isa</key>
			<string>PBXFileReference</string>
			<key>lastKnownFileType</key>
			<string>text.xcconfig</string>
			<key>name</key>
			<string>Pods.debug.xcconfig</string>
			<key>path</key>
			<string>Pods/Target Support Files/Pods/Pods.debug.xcconfig</string>
			<key>sourceTree</key>
			<string>&lt;group&gt;</string>
		</dict>
	</dict>
	<key>rootObject</key>
	<string>183CC6531A68FC8800B8F97D</string>
</dict>
</plist>
